{
  "version": 4,
  "terraform_version": "0.12.3",
  "serial": 1,
  "lineage": "85f17986-38d8-905b-d112-08f3c1ca162f",
  "outputs": {},
  "resources": [
    {
      "mode": "managed",
      "type": "github_repository",
      "name": "repo",
      "provider": "provider.github",
      "instances": [
        {
          "schema_version": 0,
          "attributes": {
            "allow_merge_commit": false,
            "allow_rebase_merge": false,
            "allow_squash_merge": true,
            "archived": false,
            "auto_init": false,
            "default_branch": "master",
            "description": "Interact with the Grammarbot API through Perl",
            "etag": "W/\"9078ffea066de29d973ddab9d0de1314\"",
            "full_name": "perlreview/grammarbot-perl",
            "git_clone_url": "git://github.com/perlreview/grammarbot-perl.git",
            "gitignore_template": null,
            "has_downloads": false,
            "has_issues": true,
            "has_projects": false,
            "has_wiki": false,
            "homepage_url": "https://www.metacpan.org/pod/GrammarBot",
            "html_url": "https://github.com/perlreview/grammarbot-perl",
            "http_clone_url": "https://github.com/perlreview/grammarbot-perl.git",
            "id": "grammarbot-perl",
            "license_template": null,
            "name": "grammarbot-perl",
            "private": false,
            "ssh_clone_url": "git@github.com:perlreview/grammarbot-perl.git",
            "svn_url": "https://github.com/perlreview/grammarbot-perl",
            "topics": [
              "grammar",
              "grammarbot",
              "perl"
            ]
          },
          "private": "bnVsbA=="
        }
      ]
    }
  ]
}
